PODS:
  - Alamofire (4.7.3)
  - Kingfisher (4.8.1)
  - Popover (1.2.0)
  - SnapKit (4.0.0)
  - SVProgressHUD (2.2.5)

DEPENDENCIES:
  - Alamofire
  - Kingfisher
  - Popover
  - SnapKit
  - SVProgressHUD

SPEC REPOS:
  https://github.com/cocoapods/specs.git:
    - Alamofire
    - Kingfisher
    - Popover
    - SnapKit
    - SVProgressHUD

SPEC CHECKSUMS:
  Alamofire: c7287b6e5d7da964a70935e5db17046b7fde6568
  Kingfisher: 868c1149679a7ab6869be118faa9b5aed154aaf0
  Popover: 28c1ac8e937ab2b3965bd2da7dd18324357abc41
  SnapKit: a42d492c16e80209130a3379f73596c3454b7694
  SVProgressHUD: 1428aafac632c1f86f62aa4243ec12008d7a51d6

PODFILE CHECKSUM: 744b8e95e6b41c9f5ed00c8075ddebd9995c46c4

COCOAPODS: 1.5.3
